<?xml version="1.0" encoding="utf-8"?>
<Project ToolsVersion="4.0" xmlns="http://schemas.microsoft.com/developer/msbuild/2003">
  <ItemGroup>
    <Filter Include="Source Files">
      <UniqueIdentifier>{4FC737F1-C7A5-4376-A066-2A32D752A2FF}</UniqueIdentifier>
      <Extensions>cpp;c;cc;cxx;def;odl;idl;hpj;bat;asm;asmx</Extensions>
    </Filter>
    <Filter Include="Header Files">
      <UniqueIdentifier>{93995380-89BD-4b04-88EB-625FBE52EBFB}</UniqueIdentifier>
      <Extensions>h;hpp;hxx;hm;inl;inc;xsd</Extensions>
    </Filter>
    <Filter Include="Resource Files">
      <UniqueIdentifier>{67DA6AB6-F800-4c08-8B7A-83BB121AAD01}</UniqueIdentifier>
      <Extensions>rc;ico;cur;bmp;dlg;rc2;rct;bin;rgs;gif;jpg;jpeg;jpe;resx;tiff;tif;png;wav;mfcribbon-ms</Extensions>
    </Filter>
  </ItemGroup>
  <ItemGroup>
    <ClCompile Include="..\source\Atom.c">
      <Filter>Source Files</Filter>
    </ClCompile>
    <ClCompile Include="..\source\AVC1Atom.c">
      <Filter>Source Files</Filter>
    </ClCompile>
    <ClCompile Include="..\source\AVCCAtom.c">
      <Filter>Source Files</Filter>
    </ClCompile>
    <ClCompile Include="..\source\Descriptor.c">
      <Filter>Source Files</Filter>
    </ClCompile>
    <ClCompile Include="..\source\DINFAtom.c">
      <Filter>Source Files</Filter>
    </ClCompile>
    <ClCompile Include="..\source\DREFAtom.c">
      <Filter>Source Files</Filter>
    </ClCompile>
    <ClCompile Include="..\source\ESDSAtom.c">
      <Filter>Source Files</Filter>
    </ClCompile>
    <ClCompile Include="..\source\FileReader.c">
      <Filter>Source Files</Filter>
    </ClCompile>
    <ClCompile Include="..\source\FREEAtom.c">
      <Filter>Source Files</Filter>
    </ClCompile>
    <ClCompile Include="..\source\FTYPAtom.c">
      <Filter>Source Files</Filter>
    </ClCompile>
    <ClCompile Include="..\source\HDLRAtom.c">
      <Filter>Source Files</Filter>
    </ClCompile>
    <ClCompile Include="..\source\main.c">
      <Filter>Source Files</Filter>
    </ClCompile>
    <ClCompile Include="..\source\MDATAtom.c">
      <Filter>Source Files</Filter>
    </ClCompile>
    <ClCompile Include="..\source\MDHDAtom.c">
      <Filter>Source Files</Filter>
    </ClCompile>
    <ClCompile Include="..\source\MDIAAtom.c">
      <Filter>Source Files</Filter>
    </ClCompile>
    <ClCompile Include="..\source\METAAtom.c">
      <Filter>Source Files</Filter>
    </ClCompile>
    <ClCompile Include="..\source\MINFAtom.c">
      <Filter>Source Files</Filter>
    </ClCompile>
    <ClCompile Include="..\source\MOOVAtom.c">
      <Filter>Source Files</Filter>
    </ClCompile>
    <ClCompile Include="..\source\MP4AAtom.c">
      <Filter>Source Files</Filter>
    </ClCompile>
    <ClCompile Include="..\source\MP4Movie.c">
      <Filter>Source Files</Filter>
    </ClCompile>
    <ClCompile Include="..\source\MVHDAtom.c">
      <Filter>Source Files</Filter>
    </ClCompile>
    <ClCompile Include="..\source\SMHDAtom.c">
      <Filter>Source Files</Filter>
    </ClCompile>
    <ClCompile Include="..\source\STBLAtom.c">
      <Filter>Source Files</Filter>
    </ClCompile>
    <ClCompile Include="..\source\STCOAtom.c">
      <Filter>Source Files</Filter>
    </ClCompile>
    <ClCompile Include="..\source\STSCAtom.c">
      <Filter>Source Files</Filter>
    </ClCompile>
    <ClCompile Include="..\source\STSDAtom.c">
      <Filter>Source Files</Filter>
    </ClCompile>
    <ClCompile Include="..\source\STSSAtom.c">
      <Filter>Source Files</Filter>
    </ClCompile>
    <ClCompile Include="..\source\STSZAtom.c">
      <Filter>Source Files</Filter>
    </ClCompile>
    <ClCompile Include="..\source\STTSAtom.c">
      <Filter>Source Files</Filter>
    </ClCompile>
    <ClCompile Include="..\source\TKHDAtom.c">
      <Filter>Source Files</Filter>
    </ClCompile>
    <ClCompile Include="..\source\TRAKAtom.c">
      <Filter>Source Files</Filter>
    </ClCompile>
    <ClCompile Include="..\source\UDTAAtom.c">
      <Filter>Source Files</Filter>
    </ClCompile>
    <ClCompile Include="..\source\URLAtom.c">
      <Filter>Source Files</Filter>
    </ClCompile>
    <ClCompile Include="..\source\VMHDAtom.c">
      <Filter>Source Files</Filter>
    </ClCompile>
  </ItemGroup>
  <ItemGroup>
    <ClInclude Include="..\include\Atom.h">
      <Filter>Header Files</Filter>
    </ClInclude>
    <ClInclude Include="..\include\AVC1Atom.h">
      <Filter>Header Files</Filter>
    </ClInclude>
    <ClInclude Include="..\include\AVCCAtom.h">
      <Filter>Header Files</Filter>
    </ClInclude>
    <ClInclude Include="..\include\Descriptor.h">
      <Filter>Header Files</Filter>
    </ClInclude>
    <ClInclude Include="..\include\DINFAtom.h">
      <Filter>Header Files</Filter>
    </ClInclude>
    <ClInclude Include="..\include\DREFAtom.h">
      <Filter>Header Files</Filter>
    </ClInclude>
    <ClInclude Include="..\include\ESDSAtom.h">
      <Filter>Header Files</Filter>
    </ClInclude>
    <ClInclude Include="..\include\FileReader.h">
      <Filter>Header Files</Filter>
    </ClInclude>
    <ClInclude Include="..\include\FREEAtom.h">
      <Filter>Header Files</Filter>
    </ClInclude>
    <ClInclude Include="..\include\FTYPAtom.h">
      <Filter>Header Files</Filter>
    </ClInclude>
    <ClInclude Include="..\include\HDLRAtom.h">
      <Filter>Header Files</Filter>
    </ClInclude>
    <ClInclude Include="..\include\Macro.h">
      <Filter>Header Files</Filter>
    </ClInclude>
    <ClInclude Include="..\include\MDATAtom.h">
      <Filter>Header Files</Filter>
    </ClInclude>
    <ClInclude Include="..\include\MDHDAtom.h">
      <Filter>Header Files</Filter>
    </ClInclude>
    <ClInclude Include="..\include\MDIAAtom.h">
      <Filter>Header Files</Filter>
    </ClInclude>
    <ClInclude Include="..\include\METAAtom.h">
      <Filter>Header Files</Filter>
    </ClInclude>
    <ClInclude Include="..\include\MINFAtom.h">
      <Filter>Header Files</Filter>
    </ClInclude>
    <ClInclude Include="..\include\MOOVAtom.h">
      <Filter>Header Files</Filter>
    </ClInclude>
    <ClInclude Include="..\include\MP4AAtom.h">
      <Filter>Header Files</Filter>
    </ClInclude>
    <ClInclude Include="..\include\MP4Movie.h">
      <Filter>Header Files</Filter>
    </ClInclude>
    <ClInclude Include="..\include\MVHDAtom.h">
      <Filter>Header Files</Filter>
    </ClInclude>
    <ClInclude Include="..\include\SMHDAtom.h">
      <Filter>Header Files</Filter>
    </ClInclude>
    <ClInclude Include="..\include\STBLAtom.h">
      <Filter>Header Files</Filter>
    </ClInclude>
    <ClInclude Include="..\include\STCOAtom.h">
      <Filter>Header Files</Filter>
    </ClInclude>
    <ClInclude Include="..\include\STSCAtom.h">
      <Filter>Header Files</Filter>
    </ClInclude>
    <ClInclude Include="..\include\STSDAtom.h">
      <Filter>Header Files</Filter>
    </ClInclude>
    <ClInclude Include="..\include\STSSAtom.h">
      <Filter>Header Files</Filter>
    </ClInclude>
    <ClInclude Include="..\include\STSZAtom.h">
      <Filter>Header Files</Filter>
    </ClInclude>
    <ClInclude Include="..\include\STTSAtom.h">
      <Filter>Header Files</Filter>
    </ClInclude>
    <ClInclude Include="..\include\TKHDAtom.h">
      <Filter>Header Files</Filter>
    </ClInclude>
    <ClInclude Include="..\include\TRAKAtom.h">
      <Filter>Header Files</Filter>
    </ClInclude>
    <ClInclude Include="..\include\Type.h">
      <Filter>Header Files</Filter>
    </ClInclude>
    <ClInclude Include="..\include\UDTAAtom.h">
      <Filter>Header Files</Filter>
    </ClInclude>
    <ClInclude Include="..\include\URLAtom.h">
      <Filter>Header Files</Filter>
    </ClInclude>
    <ClInclude Include="..\include\VMHDAtom.h">
      <Filter>Header Files</Filter>
    </ClInclude>
  </ItemGroup>
</Project>